{
  "name": "@quantumcoin/solidity-lib",
  "version": "1.0.0",
  "lockfileVersion": 3,
  "requires": true,
  "packages": {
    "": {
      "name": "@quantumcoin/solidity-lib",
      "version": "1.0.0",
      "license": "GPL-3.0-or-later",
      "devDependencies": {
        "@quantumcoin/solc": "^0.7.6",
        "quantumcoin": "^8.0.2"
      },
      "engines": {
        "node": ">=18"
      }
    },
    "node_modules/@quantumcoin/solc": {
      "version": "0.7.6",
      "resolved": "https://registry.npmjs.org/@quantumcoin/solc/-/solc-0.7.6.tgz",
      "integrity": "sha512-voV0/84eyv4aJ28goruXBA6Tj007gMlIkG7V2IYCHk1zrjXfAoFQhfgY8RQrTlBYtF9Dt8c5vNuV0raVDbH/VA==",
      "dev": true,
      "license": "MIT",
      "dependencies": {
        "commander": "^12.1.0",
        "js-sha3": "0.8.0",
        "semver": "^7.6.3"
      },
      "bin": {
        "solcjs": "solcjs"
      },
      "engines": {
        "node": ">=18.0.0"
      }
    },
    "node_modules/commander": {
      "version": "12.1.0",
      "resolved": "https://registry.npmjs.org/commander/-/commander-12.1.0.tgz",
      "integrity": "sha512-Vw8qHK3bZM9y/P10u3Vib8o/DdkvA2OtPtZvD871QKjy74Wj1WSKFILMPRPSdUSx5RFK1arlJzEtA4PkFgnbuA==",
      "dev": true,
      "license": "MIT",
      "engines": {
        "node": ">=18"
      }
    },
    "node_modules/js-sha3": {
      "version": "0.8.0",
      "resolved": "https://registry.npmjs.org/js-sha3/-/js-sha3-0.8.0.tgz",
      "integrity": "sha512-gF1cRrHhIzNfToc802P800N8PpXS+evLLXfsVpowqmAFR9uwbi89WvXg2QspOmXL8QL86J4T1EpFu+yUkwJY3Q==",
      "dev": true,
      "license": "MIT"
    },
    "node_modules/quantum-coin-js-sdk": {
      "version": "2.1.1",
      "resolved": "https://registry.npmjs.org/quantum-coin-js-sdk/-/quantum-coin-js-sdk-2.1.1.tgz",
      "integrity": "sha512-eSmnKDdTCtLkdIv8qRzXDdYf2MaOOOcCysqY2L+lL+dAYDOw3Uz6FB6fXv/0R6AXU56s4VPVCTRODGwy8Y6syA==",
      "dev": true,
      "license": "MIT",
      "dependencies": {
        "seed-words": "1.1.1"
      }
    },
    "node_modules/quantumcoin": {
      "version": "8.0.2",
      "resolved": "https://registry.npmjs.org/quantumcoin/-/quantumcoin-8.0.2.tgz",
      "integrity": "sha512-LiVSHFQyKdWRe6WKg4DIMct5aw5dfdoS71SKhysuvhUD8NdbPTphyEKxK3C8gvuY8823V/r4gxCrnJZex+k7tA==",
      "dev": true,
      "license": "MIT",
      "dependencies": {
        "quantum-coin-js-sdk": "2.1.1",
        "seed-words": "^1.1.1"
      },
      "bin": {
        "sdkgen": "generate-sdk.js"
      }
    },
    "node_modules/seed-words": {
      "version": "1.1.1",
      "resolved": "https://registry.npmjs.org/seed-words/-/seed-words-1.1.1.tgz",
      "integrity": "sha512-RssOgLxDjeAjnDBSF0Lehwesox8L0vxInntEu+euLrZ8jSMrF+fraeVod/6QJGZzu3x0YWP49jk+ysQBLknEXQ==",
      "dev": true,
      "license": "MIT"
    },
    "node_modules/semver": {
      "version": "7.8.5",
      "resolved": "https://registry.npmjs.org/semver/-/semver-7.8.5.tgz",
      "integrity": "sha512-Y7/KDsb8LjooZpwaqGyulO6DQlksgCncchHGk+sZIY4SBvUocMBEFH5Ur1fI4dV+Jvl0w6cjvucaIi40puRioA==",
      "dev": true,
      "license": "ISC",
      "bin": {
        "semver": "bin/semver.js"
      },
      "engines": {
        "node": ">=10"
      }
    }
  }
}
